
Microsoft Visual Studio Solution File, Format Version 12.00
# Visual Studio Version 17
VisualStudioVersion = 17.13.35825.156 d17.13
MinimumVisualStudioVersion = 10.0.40219.1
Project("{FAE04EC0-301F-11D3-BF4B-00C04F79EFBC}") = "JogoDaForca", "JogoDaForca\JogoDaForca.csproj", "{A72EFF8D-C10F-4114-A40E-E9FCDAE1FE2C}"
EndProject
Global
	GlobalSection(SolutionConfigurationPlatforms) = preSolution
		Debug|Any CPU = Debug|Any CPU
		Release|Any CPU = Release|Any CPU
	EndGlobalSection
	GlobalSection(ProjectConfigurationPlatforms) = postSolution
		{A72EFF8D-C10F-4114-A40E-E9FCDAE1FE2C}.Debug|Any CPU.ActiveCfg = Debug|Any CPU
		{A72EFF8D-C10F-4114-A40E-E9FCDAE1FE2C}.Debug|Any CPU.Build.0 = Debug|Any CPU
		{A72EFF8D-C10F-4114-A40E-E9FCDAE1FE2C}.Release|Any CPU.ActiveCfg = Release|Any CPU
		{A72EFF8D-C10F-4114-A40E-E9FCDAE1FE2C}.Release|Any CPU.Build.0 = Release|Any CPU
	EndGlobalSection
	GlobalSection(SolutionProperties) = preSolution
		HideSolutionNode = FALSE
	EndGlobalSection
	GlobalSection(ExtensibilityGlobals) = postSolution
		SolutionGuid = {EF9586D6-5339-4C07-BF39-6A5D5664EE40}
	EndGlobalSection
EndGlobal
