
Microsoft Visual Studio Solution File, Format Version 12.00
# Visual Studio Version 17
VisualStudioVersion = 17.13.35825.156 d17.13
MinimumVisualStudioVersion = 10.0.40219.1
Project("{FAE04EC0-301F-11D3-BF4B-00C04F79EFBC}") = "JogoDaForca", "JogoDaForca\JogoDaForca.csproj", "{B9F3B5AD-B12E-4F5D-951B-D1FA3B281206}"
EndProject
Global
	GlobalSection(SolutionConfigurationPlatforms) = preSolution
		Debug|Any CPU = Debug|Any CPU
		Release|Any CPU = Release|Any CPU
	EndGlobalSection
	GlobalSection(ProjectConfigurationPlatforms) = postSolution
		{B9F3B5AD-B12E-4F5D-951B-D1FA3B281206}.Debug|Any CPU.ActiveCfg = Debug|Any CPU
		{B9F3B5AD-B12E-4F5D-951B-D1FA3B281206}.Debug|Any CPU.Build.0 = Debug|Any CPU
		{B9F3B5AD-B12E-4F5D-951B-D1FA3B281206}.Release|Any CPU.ActiveCfg = Release|Any CPU
		{B9F3B5AD-B12E-4F5D-951B-D1FA3B281206}.Release|Any CPU.Build.0 = Release|Any CPU
	EndGlobalSection
	GlobalSection(SolutionProperties) = preSolution
		HideSolutionNode = FALSE
	EndGlobalSection
	GlobalSection(ExtensibilityGlobals) = postSolution
		SolutionGuid = {7A875FB5-5D7D-4410-B02B-EF34B6695AAC}
	EndGlobalSection
EndGlobal
